
Microsoft Visual Studio Solution File, Format Version 12.00
# Visual Studio 15
VisualStudioVersion = 15.0.28010.2050
MinimumVisualStudioVersion = 10.0.40219.1
Project("{9A19103F-16F7-4668-BE54-9A1E7A4F7556}") = "VenuesLatLongUpdate", "VenuesLatLongUpdate\VenuesLatLongUpdate.csproj", "{CCFE7601-D55D-43DA-8567-28CC9F31B08E}"
EndProject
Project("{9A19103F-16F7-4668-BE54-9A1E7A4F7556}") = "Dfc.CourseDirectory.Common", "Dfc.CourseDirectory.Common\Dfc.CourseDirectory.Common.csproj", "{9E2F87F8-2430-4589-9D5F-DA3753B20811}"
EndProject
Project("{9A19103F-16F7-4668-BE54-9A1E7A4F7556}") = "Dfc.CourseDirectory.Models", "Dfc.CourseDirectory.Models\Dfc.CourseDirectory.Models.csproj", "{1A21A134-42D7-47E3-AB3B-E1722991BC37}"
EndProject
Project("{9A19103F-16F7-4668-BE54-9A1E7A4F7556}") = "Dfc.CourseDirectory.Services", "Dfc.CourseDirectory.Services\Dfc.CourseDirectory.Services.csproj", "{3890BD16-FC50-44BF-8061-7BEFDE650E0A}"
EndProject
Global
	GlobalSection(SolutionConfigurationPlatforms) = preSolution
		Debug|Any CPU = Debug|Any CPU
		Release|Any CPU = Release|Any CPU
	EndGlobalSection
	GlobalSection(ProjectConfigurationPlatforms) = postSolution
		{CCFE7601-D55D-43DA-8567-28CC9F31B08E}.Debug|Any CPU.ActiveCfg = Debug|Any CPU
		{CCFE7601-D55D-43DA-8567-28CC9F31B08E}.Debug|Any CPU.Build.0 = Debug|Any CPU
		{CCFE7601-D55D-43DA-8567-28CC9F31B08E}.Release|Any CPU.ActiveCfg = Release|Any CPU
		{CCFE7601-D55D-43DA-8567-28CC9F31B08E}.Release|Any CPU.Build.0 = Release|Any CPU
		{9E2F87F8-2430-4589-9D5F-DA3753B20811}.Debug|Any CPU.ActiveCfg = Debug|Any CPU
		{9E2F87F8-2430-4589-9D5F-DA3753B20811}.Debug|Any CPU.Build.0 = Debug|Any CPU
		{9E2F87F8-2430-4589-9D5F-DA3753B20811}.Release|Any CPU.ActiveCfg = Release|Any CPU
		{9E2F87F8-2430-4589-9D5F-DA3753B20811}.Release|Any CPU.Build.0 = Release|Any CPU
		{1A21A134-42D7-47E3-AB3B-E1722991BC37}.Debug|Any CPU.ActiveCfg = Debug|Any CPU
		{1A21A134-42D7-47E3-AB3B-E1722991BC37}.Debug|Any CPU.Build.0 = Debug|Any CPU
		{1A21A134-42D7-47E3-AB3B-E1722991BC37}.Release|Any CPU.ActiveCfg = Release|Any CPU
		{1A21A134-42D7-47E3-AB3B-E1722991BC37}.Release|Any CPU.Build.0 = Release|Any CPU
		{3890BD16-FC50-44BF-8061-7BEFDE650E0A}.Debug|Any CPU.ActiveCfg = Debug|Any CPU
		{3890BD16-FC50-44BF-8061-7BEFDE650E0A}.Debug|Any CPU.Build.0 = Debug|Any CPU
		{3890BD16-FC50-44BF-8061-7BEFDE650E0A}.Release|Any CPU.ActiveCfg = Release|Any CPU
		{3890BD16-FC50-44BF-8061-7BEFDE650E0A}.Release|Any CPU.Build.0 = Release|Any CPU
	EndGlobalSection
	GlobalSection(SolutionProperties) = preSolution
		HideSolutionNode = FALSE
	EndGlobalSection
	GlobalSection(ExtensibilityGlobals) = postSolution
		SolutionGuid = {A96D5F87-68B0-4461-B887-50E3BB44AC94}
	EndGlobalSection
EndGlobal
